{
    "_meta": {
        "hash": {
            "sha256": "c22265559c6e023fcd3938c82755a043e63f9c34134e04686f23929befb365cc"
        },
        "pipfile-spec": 6,
        "requires": {
            "python_version": "3.10"
        },
        "sources": [
            {
                "name": "pypi",
                "url": "https://pypi.org/simple",
                "verify_ssl": true
            }
        ]
    },
    "default": {
        "certifi": {
            "hashes": [
                "sha256:84c85a9078b11105f04f3036a9482ae10e4621616db313fe045dd24743a0820d",
                "sha256:fe86415d55e84719d75f8b69414f6438ac3547d2078ab91b67e779ef69378412"
            ],
            "markers": "python_version >= '3.6'",
            "version": "==2022.6.15"
        },
        "charset-normalizer": {
            "hashes": [
                "sha256:5189b6f22b01957427f35b6a08d9a0bc45b46d3788ef5a92e978433c7a35f8a5",
                "sha256:575e708016ff3a5e3681541cb9d79312c416835686d054a23accb873b254f413"
            ],
            "markers": "python_version >= '3.6'",
            "version": "==2.1.0"
        },
        "idna": {
            "hashes": [
                "sha256:84d9dd047ffa80596e0f246e2eab0b391788b0503584e8945f2368256d2735ff",
                "sha256:9d643ff0a55b762d5cdb124b8eaa99c66322e2157b69160bc32796e824360e6d"
            ],
            "markers": "python_version >= '3.5'",
            "version": "==3.3"
        },
        "mariadb": {
            "hashes": [
                "sha256:059a2e0b1f319284a618651fb3dc246e0657f4b9560accf7f9a4e9ec1802c7ec",
                "sha256:086afe3f37c282c0d4f5d96e688ce1e3cc601dfdf045568b8f82d6d7b5f12910",
                "sha256:73a0acbd2ace381ec1bcfc61ced7a79a519e66c02c24e12ae6d27baa03717876",
                "sha256:97831f1cea8c611b7bbc101ca1a4679b376fd6a2cd365c3826beba39f0dc260f",
                "sha256:9a5d62eae145014a93c1d109233b071049e99b244eb58ab942891f47cb3012e1",
                "sha256:b48d81a90b89532051e5aa12848bcd3973107a8eb9462ba857369d319a1a0217",
                "sha256:c974750b5ac92da2af092897509808fc221dc2ebcc8688b5be4c5446b76489fe",
                "sha256:ce6093dedebe4d9e0ca4f802422f084ed8a6848080210474ab4195c69f323e48",
                "sha256:eccdfd2579fc311578d5b938ec0d18f7b5f77ec5adcdb60bc001d462d78965e5"
            ],
            "index": "pypi",
            "version": "==1.1.4"
        },
        "python-dotenv": {
            "hashes": [
                "sha256:b7e3b04a59693c42c36f9ab1cc2acc46fa5df8c78e178fc33a8d4cd05c8d498f",
                "sha256:d92a187be61fe482e4fd675b6d52200e7be63a12b724abbf931a40ce4fa92938"
            ],
            "index": "pypi",
            "version": "==0.20.0"
        },
        "requests": {
            "hashes": [
                "sha256:7c5599b102feddaa661c826c56ab4fee28bfd17f5abca1ebbe3e7f19d7c97983",
                "sha256:8fefa2a1a1365bf5520aac41836fbee479da67864514bdb821f31ce07ce65349"
            ],
            "index": "pypi",
            "version": "==2.28.1"
        },
        "urllib3": {
            "hashes": [
                "sha256:c33ccba33c819596124764c23a97d25f32b28433ba0dedeb77d873a38722c9bc",
                "sha256:ea6e8fb210b19d950fab93b60c9009226c63a28808bc8386e05301e25883ac0a"
            ],
            "markers": "python_version >= '2.7' and python_version not in '3.0, 3.1, 3.2, 3.3, 3.4, 3.5' and python_version < '4'",
            "version": "==1.26.11"
        }
    },
    "develop": {}
}
